
Microsoft Visual Studio Solution File, Format Version 12.00
# Visual Studio Version 17
VisualStudioVersion = 17.6.33829.357
MinimumVisualStudioVersion = 10.0.40219.1
Project("{FAE04EC0-301F-11D3-BF4B-00C04F79EFBC}") = "HBCR20230409E4", "HBCR20230409E4\HBCR20230409E4.csproj", "{B3F924A6-D685-4041-954D-EFF76B691F78}"
EndProject
Global
	GlobalSection(SolutionConfigurationPlatforms) = preSolution
		Debug|Any CPU = Debug|Any CPU
		Release|Any CPU = Release|Any CPU
	EndGlobalSection
	GlobalSection(ProjectConfigurationPlatforms) = postSolution
		{B3F924A6-D685-4041-954D-EFF76B691F78}.Debug|Any CPU.ActiveCfg = Debug|Any CPU
		{B3F924A6-D685-4041-954D-EFF76B691F78}.Debug|Any CPU.Build.0 = Debug|Any CPU
		{B3F924A6-D685-4041-954D-EFF76B691F78}.Release|Any CPU.ActiveCfg = Release|Any CPU
		{B3F924A6-D685-4041-954D-EFF76B691F78}.Release|Any CPU.Build.0 = Release|Any CPU
	EndGlobalSection
	GlobalSection(SolutionProperties) = preSolution
		HideSolutionNode = FALSE
	EndGlobalSection
	GlobalSection(ExtensibilityGlobals) = postSolution
		SolutionGuid = {7628844E-06FD-406E-BCCE-C6982CE85D11}
	EndGlobalSection
EndGlobal
