
Microsoft Visual Studio Solution File, Format Version 12.00
# Visual Studio Version 17
VisualStudioVersion = 17.6.33829.357
MinimumVisualStudioVersion = 10.0.40219.1
Project("{FAE04EC0-301F-11D3-BF4B-00C04F79EFBC}") = "AutenticationCookieControladores", "AutenticationCookieControladores\AutenticationCookieControladores.csproj", "{1955859A-B6A8-4CFF-9393-96F825117580}"
EndProject
Global
	GlobalSection(SolutionConfigurationPlatforms) = preSolution
		Debug|Any CPU = Debug|Any CPU
		Release|Any CPU = Release|Any CPU
	EndGlobalSection
	GlobalSection(ProjectConfigurationPlatforms) = postSolution
		{1955859A-B6A8-4CFF-9393-96F825117580}.Debug|Any CPU.ActiveCfg = Debug|Any CPU
		{1955859A-B6A8-4CFF-9393-96F825117580}.Debug|Any CPU.Build.0 = Debug|Any CPU
		{1955859A-B6A8-4CFF-9393-96F825117580}.Release|Any CPU.ActiveCfg = Release|Any CPU
		{1955859A-B6A8-4CFF-9393-96F825117580}.Release|Any CPU.Build.0 = Release|Any CPU
	EndGlobalSection
	GlobalSection(SolutionProperties) = preSolution
		HideSolutionNode = FALSE
	EndGlobalSection
	GlobalSection(ExtensibilityGlobals) = postSolution
		SolutionGuid = {594EA645-DF86-4AD7-8E2C-C8EC48ED2EB1}
	EndGlobalSection
EndGlobal
