
Microsoft Visual Studio Solution File, Format Version 12.00
# Visual Studio Version 17
VisualStudioVersion = 17.6.33829.357
MinimumVisualStudioVersion = 10.0.40219.1
Project("{FAE04EC0-301F-11D3-BF4B-00C04F79EFBC}") = "HBCR20230409E1", "HBCR20230409E1\HBCR20230409E1.csproj", "{2C7D4D57-E501-4792-838E-8C39F6020706}"
EndProject
Global
	GlobalSection(SolutionConfigurationPlatforms) = preSolution
		Debug|Any CPU = Debug|Any CPU
		Release|Any CPU = Release|Any CPU
	EndGlobalSection
	GlobalSection(ProjectConfigurationPlatforms) = postSolution
		{2C7D4D57-E501-4792-838E-8C39F6020706}.Debug|Any CPU.ActiveCfg = Debug|Any CPU
		{2C7D4D57-E501-4792-838E-8C39F6020706}.Debug|Any CPU.Build.0 = Debug|Any CPU
		{2C7D4D57-E501-4792-838E-8C39F6020706}.Release|Any CPU.ActiveCfg = Release|Any CPU
		{2C7D4D57-E501-4792-838E-8C39F6020706}.Release|Any CPU.Build.0 = Release|Any CPU
	EndGlobalSection
	GlobalSection(SolutionProperties) = preSolution
		HideSolutionNode = FALSE
	EndGlobalSection
	GlobalSection(ExtensibilityGlobals) = postSolution
		SolutionGuid = {21133C75-DC48-4B7F-9F05-F881B66773FE}
	EndGlobalSection
EndGlobal
