
Microsoft Visual Studio Solution File, Format Version 12.00
# Visual Studio Version 17
VisualStudioVersion = 17.6.33829.357
MinimumVisualStudioVersion = 10.0.40219.1
Project("{FAE04EC0-301F-11D3-BF4B-00C04F79EFBC}") = "PrimeraAplicacionWebAPIConMinimaIAPI", "PrimeraAplicacionWebAPIConMinimaIAPI\PrimeraAplicacionWebAPIConMinimaIAPI.csproj", "{C0B3EB93-A7D6-4A0B-A718-3960212897A2}"
EndProject
Global
	GlobalSection(SolutionConfigurationPlatforms) = preSolution
		Debug|Any CPU = Debug|Any CPU
		Release|Any CPU = Release|Any CPU
	EndGlobalSection
	GlobalSection(ProjectConfigurationPlatforms) = postSolution
		{C0B3EB93-A7D6-4A0B-A718-3960212897A2}.Debug|Any CPU.ActiveCfg = Debug|Any CPU
		{C0B3EB93-A7D6-4A0B-A718-3960212897A2}.Debug|Any CPU.Build.0 = Debug|Any CPU
		{C0B3EB93-A7D6-4A0B-A718-3960212897A2}.Release|Any CPU.ActiveCfg = Release|Any CPU
		{C0B3EB93-A7D6-4A0B-A718-3960212897A2}.Release|Any CPU.Build.0 = Release|Any CPU
	EndGlobalSection
	GlobalSection(SolutionProperties) = preSolution
		HideSolutionNode = FALSE
	EndGlobalSection
	GlobalSection(ExtensibilityGlobals) = postSolution
		SolutionGuid = {CC280A6E-4DAB-425A-8556-D1F1F9586381}
	EndGlobalSection
EndGlobal
