
Microsoft Visual Studio Solution File, Format Version 12.00
# Visual Studio Version 17
VisualStudioVersion = 17.3.32901.215
MinimumVisualStudioVersion = 10.0.40219.1
Project("{FAE04EC0-301F-11D3-BF4B-00C04F79EFBC}") = "HBCR20230811RegistroAcademico", "HBCR20230811RegistroAcademico\HBCR20230811RegistroAcademico.csproj", "{0BD02C6A-CE3F-4EAD-98A1-CBE60960EF22}"
EndProject
Global
	GlobalSection(SolutionConfigurationPlatforms) = preSolution
		Debug|Any CPU = Debug|Any CPU
		Release|Any CPU = Release|Any CPU
	EndGlobalSection
	GlobalSection(ProjectConfigurationPlatforms) = postSolution
		{0BD02C6A-CE3F-4EAD-98A1-CBE60960EF22}.Debug|Any CPU.ActiveCfg = Debug|Any CPU
		{0BD02C6A-CE3F-4EAD-98A1-CBE60960EF22}.Debug|Any CPU.Build.0 = Debug|Any CPU
		{0BD02C6A-CE3F-4EAD-98A1-CBE60960EF22}.Release|Any CPU.ActiveCfg = Release|Any CPU
		{0BD02C6A-CE3F-4EAD-98A1-CBE60960EF22}.Release|Any CPU.Build.0 = Release|Any CPU
	EndGlobalSection
	GlobalSection(SolutionProperties) = preSolution
		HideSolutionNode = FALSE
	EndGlobalSection
	GlobalSection(ExtensibilityGlobals) = postSolution
		SolutionGuid = {CE36BC98-FC51-4F86-BA39-49B4EFE4A88E}
	EndGlobalSection
EndGlobal
